
Microsoft Visual Studio Solution File, Format Version 12.00
# Visual Studio Version 17
VisualStudioVersion = 17.6.33829.357
MinimumVisualStudioVersion = 10.0.40219.1
Project("{FAE04EC0-301F-11D3-BF4B-00C04F79EFBC}") = "Isograms", "Isograms\Isograms.csproj", "{5B9E26CC-4825-4CBE-ADC0-837B2237F200}"
EndProject
Global
	GlobalSection(SolutionConfigurationPlatforms) = preSolution
		Debug|Any CPU = Debug|Any CPU
		Release|Any CPU = Release|Any CPU
	EndGlobalSection
	GlobalSection(ProjectConfigurationPlatforms) = postSolution
		{5B9E26CC-4825-4CBE-ADC0-837B2237F200}.Debug|Any CPU.ActiveCfg = Debug|Any CPU
		{5B9E26CC-4825-4CBE-ADC0-837B2237F200}.Debug|Any CPU.Build.0 = Debug|Any CPU
		{5B9E26CC-4825-4CBE-ADC0-837B2237F200}.Release|Any CPU.ActiveCfg = Release|Any CPU
		{5B9E26CC-4825-4CBE-ADC0-837B2237F200}.Release|Any CPU.Build.0 = Release|Any CPU
	EndGlobalSection
	GlobalSection(SolutionProperties) = preSolution
		HideSolutionNode = FALSE
	EndGlobalSection
	GlobalSection(ExtensibilityGlobals) = postSolution
		SolutionGuid = {8E9E2290-6544-4B82-A2D8-0AA6FCA6D115}
	EndGlobalSection
EndGlobal
